
Microsoft Visual Studio Solution File, Format Version 12.00
# Visual Studio Version 16
VisualStudioVersion = 16.0.30717.126
MinimumVisualStudioVersion = 10.0.40219.1
Project("{2150E333-8FDC-42A3-9474-1A3956D46DE8}") = "Test", "Test", "{2A30A94A-119A-4DFC-A304-AA54E6E73749}"
EndProject
Project("{2150E333-8FDC-42A3-9474-1A3956D46DE8}") = "Items", "Items", "{159E197F-5CE5-4BF8-8107-243D8BBB5C51}"
	ProjectSection(SolutionItems) = preProject
		.editorconfig = .editorconfig
		readme.md = readme.md
	EndProjectSection
EndProject
Project("{9A19103F-16F7-4668-BE54-9A1E7A4F7556}") = "ContactCase.ContactApi", "ContactCase.ContactApi\ContactCase.ContactApi.csproj", "{8F4237BC-5430-4AC0-B2E1-F88F58DD5E1C}"
EndProject
Project("{2150E333-8FDC-42A3-9474-1A3956D46DE8}") = "Solution Items", "Solution Items", "{A7752F42-0A0D-4677-A49D-F47DDCACBC15}"
	ProjectSection(SolutionItems) = preProject
		.editorconfig = .editorconfig
	EndProjectSection
EndProject
Project("{FAE04EC0-301F-11D3-BF4B-00C04F79EFBC}") = "ContactCase.Gateway", "ContactCase.Gateway\ContactCase.Gateway.csproj", "{D12467E2-6EB7-4EC2-9248-07BA1F97A07C}"
EndProject
Global
	GlobalSection(SolutionConfigurationPlatforms) = preSolution
		Debug|Any CPU = Debug|Any CPU
		Release|Any CPU = Release|Any CPU
	EndGlobalSection
	GlobalSection(ProjectConfigurationPlatforms) = postSolution
		{8F4237BC-5430-4AC0-B2E1-F88F58DD5E1C}.Debug|Any CPU.ActiveCfg = Debug|Any CPU
		{8F4237BC-5430-4AC0-B2E1-F88F58DD5E1C}.Debug|Any CPU.Build.0 = Debug|Any CPU
		{8F4237BC-5430-4AC0-B2E1-F88F58DD5E1C}.Release|Any CPU.ActiveCfg = Release|Any CPU
		{8F4237BC-5430-4AC0-B2E1-F88F58DD5E1C}.Release|Any CPU.Build.0 = Release|Any CPU
		{D12467E2-6EB7-4EC2-9248-07BA1F97A07C}.Debug|Any CPU.ActiveCfg = Debug|Any CPU
		{D12467E2-6EB7-4EC2-9248-07BA1F97A07C}.Debug|Any CPU.Build.0 = Debug|Any CPU
		{D12467E2-6EB7-4EC2-9248-07BA1F97A07C}.Release|Any CPU.ActiveCfg = Release|Any CPU
		{D12467E2-6EB7-4EC2-9248-07BA1F97A07C}.Release|Any CPU.Build.0 = Release|Any CPU
	EndGlobalSection
	GlobalSection(SolutionProperties) = preSolution
		HideSolutionNode = FALSE
	EndGlobalSection
	GlobalSection(ExtensibilityGlobals) = postSolution
		SolutionGuid = {17BB7254-B94B-4D7A-BD4C-0AEE23FD39C6}
	EndGlobalSection
EndGlobal
